
Microsoft Visual Studio Solution File, Format Version 12.00
# Visual Studio Version 17
VisualStudioVersion = 17.9.34728.123
MinimumVisualStudioVersion = 10.0.40219.1
Project("{FAE04EC0-301F-11D3-BF4B-00C04F79EFBC}") = "ListaPOOEx1", "ListaPOOEx1\ListaPOOEx1.csproj", "{6E4CECD0-C878-4C6B-88F3-0CAA5682D4B5}"
EndProject
Global
	GlobalSection(SolutionConfigurationPlatforms) = preSolution
		Debug|Any CPU = Debug|Any CPU
		Release|Any CPU = Release|Any CPU
	EndGlobalSection
	GlobalSection(ProjectConfigurationPlatforms) = postSolution
		{6E4CECD0-C878-4C6B-88F3-0CAA5682D4B5}.Debug|Any CPU.ActiveCfg = Debug|Any CPU
		{6E4CECD0-C878-4C6B-88F3-0CAA5682D4B5}.Debug|Any CPU.Build.0 = Debug|Any CPU
		{6E4CECD0-C878-4C6B-88F3-0CAA5682D4B5}.Release|Any CPU.ActiveCfg = Release|Any CPU
		{6E4CECD0-C878-4C6B-88F3-0CAA5682D4B5}.Release|Any CPU.Build.0 = Release|Any CPU
	EndGlobalSection
	GlobalSection(SolutionProperties) = preSolution
		HideSolutionNode = FALSE
	EndGlobalSection
	GlobalSection(ExtensibilityGlobals) = postSolution
		SolutionGuid = {306360AC-84CC-4440-BD56-6B8BF6E62710}
	EndGlobalSection
EndGlobal
