
Microsoft Visual Studio Solution File, Format Version 12.00
# Visual Studio Version 17
VisualStudioVersion = 17.3.32825.248
MinimumVisualStudioVersion = 10.0.40219.1
Project("{FAE04EC0-301F-11D3-BF4B-00C04F79EFBC}") = "ListaPOOex2", "ListaPOOex2\ListaPOOex2.csproj", "{39146FB8-154D-42D1-9624-02BB10F83F50}"
EndProject
Global
	GlobalSection(SolutionConfigurationPlatforms) = preSolution
		Debug|Any CPU = Debug|Any CPU
		Release|Any CPU = Release|Any CPU
	EndGlobalSection
	GlobalSection(ProjectConfigurationPlatforms) = postSolution
		{39146FB8-154D-42D1-9624-02BB10F83F50}.Debug|Any CPU.ActiveCfg = Debug|Any CPU
		{39146FB8-154D-42D1-9624-02BB10F83F50}.Debug|Any CPU.Build.0 = Debug|Any CPU
		{39146FB8-154D-42D1-9624-02BB10F83F50}.Release|Any CPU.ActiveCfg = Release|Any CPU
		{39146FB8-154D-42D1-9624-02BB10F83F50}.Release|Any CPU.Build.0 = Release|Any CPU
	EndGlobalSection
	GlobalSection(SolutionProperties) = preSolution
		HideSolutionNode = FALSE
	EndGlobalSection
	GlobalSection(ExtensibilityGlobals) = postSolution
		SolutionGuid = {98D0BF40-62F3-4A91-90CD-49F03B82899E}
	EndGlobalSection
EndGlobal
